
Microsoft Visual Studio Solution File, Format Version 12.00
# Visual Studio Version 17
VisualStudioVersion = 17.14.36221.1 d17.14
MinimumVisualStudioVersion = 10.0.40219.1
Project("{FAE04EC0-301F-11D3-BF4B-00C04F79EFBC}") = "keycloak-sample", "keycloak-sample\keycloak-sample.csproj", "{4B934744-FF8C-41D8-9C30-5AABAD1BA073}"
EndProject
Global
	GlobalSection(SolutionConfigurationPlatforms) = preSolution
		Debug|Any CPU = Debug|Any CPU
		Release|Any CPU = Release|Any CPU
	EndGlobalSection
	GlobalSection(ProjectConfigurationPlatforms) = postSolution
		{4B934744-FF8C-41D8-9C30-5AABAD1BA073}.Debug|Any CPU.ActiveCfg = Debug|Any CPU
		{4B934744-FF8C-41D8-9C30-5AABAD1BA073}.Debug|Any CPU.Build.0 = Debug|Any CPU
		{4B934744-FF8C-41D8-9C30-5AABAD1BA073}.Release|Any CPU.ActiveCfg = Release|Any CPU
		{4B934744-FF8C-41D8-9C30-5AABAD1BA073}.Release|Any CPU.Build.0 = Release|Any CPU
	EndGlobalSection
	GlobalSection(SolutionProperties) = preSolution
		HideSolutionNode = FALSE
	EndGlobalSection
	GlobalSection(ExtensibilityGlobals) = postSolution
		SolutionGuid = {A018E586-6EDD-49A2-A915-785411607533}
	EndGlobalSection
EndGlobal
